
Microsoft Visual Studio Solution File, Format Version 12.00
# Visual Studio Version 17
VisualStudioVersion = 17.3.32721.290
MinimumVisualStudioVersion = 10.0.40219.1
Project("{9A19103F-16F7-4668-BE54-9A1E7A4F7556}") = "Chapter1.ConsoleApp", "Chapter1.ConsoleApp\Chapter1.ConsoleApp.csproj", "{1220B30A-19A5-4317-A1ED-621D4286CFC3}"
EndProject
Project("{9A19103F-16F7-4668-BE54-9A1E7A4F7556}") = "Chapter1", "Chapter1\Chapter1.csproj", "{010F7A70-EA91-4F86-A694-1421038AE187}"
EndProject
Project("{2150E333-8FDC-42A3-9474-1A3956D46DE8}") = "Chapter1_files", "Chapter1_files", "{4F76DF91-5A4C-477A-BC4A-C5B9339AE9BD}"
EndProject
Project("{2150E333-8FDC-42A3-9474-1A3956D46DE8}") = "Chapter2_files", "Chapter2_files", "{F0EE6519-8471-4756-A7AF-221CE9AE6038}"
EndProject
Project("{2150E333-8FDC-42A3-9474-1A3956D46DE8}") = "Chapter5_files", "Chapter5_files", "{565A3A84-7A27-4F49-B99B-8DCA1E7ECD39}"
EndProject
Project("{9A19103F-16F7-4668-BE54-9A1E7A4F7556}") = "Chapter5.LogAn", "Chapter5.LogAn\Chapter5.LogAn.csproj", "{64192653-C905-46E9-95CD-895EB2959C6A}"
EndProject
Project("{2150E333-8FDC-42A3-9474-1A3956D46DE8}") = "Chapter7_files", "Chapter7_files", "{CA1EC753-5466-4801-93D3-A2F3664A79AF}"
EndProject
Project("{9A19103F-16F7-4668-BE54-9A1E7A4F7556}") = "Examples", "Examples\Examples.csproj", "{02087103-7280-417D-B844-59865E1BC7B7}"
EndProject
Project("{9A19103F-16F7-4668-BE54-9A1E7A4F7556}") = "Examples.Tests", "Examples.Tests\Examples.Tests.csproj", "{C933B9C0-6B97-472E-B15F-480288272646}"
EndProject
Project("{2150E333-8FDC-42A3-9474-1A3956D46DE8}") = "Chapter3_files", "Chapter3_files", "{EF89C27E-875C-419D-9ABA-71692F7C757A}"
EndProject
Project("{9A19103F-16F7-4668-BE54-9A1E7A4F7556}") = "Chapter3.LogAn", "Chapter3.LogAn\Chapter3.LogAn.csproj", "{1A3D392F-E4DE-4B1D-BBB5-AE7A09CA1B79}"
EndProject
Project("{9A19103F-16F7-4668-BE54-9A1E7A4F7556}") = "Chapter3.LogAn.Tests", "Chapter3.LogAn.Tests\Chapter3.LogAn.Tests.csproj", "{AB4810C4-4BC2-4626-8713-8244C0A276B1}"
EndProject
Project("{2150E333-8FDC-42A3-9474-1A3956D46DE8}") = "Chapter4_files", "Chapter4_files", "{71233C27-8983-4AF7-B6E9-2CA3F209E880}"
EndProject
Project("{9A19103F-16F7-4668-BE54-9A1E7A4F7556}") = "Chapter4.LogAn", "Chapter4.LogAn\Chapter4.LogAn.csproj", "{45A4196F-3179-41C0-AA00-A039C89A17E3}"
EndProject
Project("{9A19103F-16F7-4668-BE54-9A1E7A4F7556}") = "Chapter4.LogAn.Tests", "Chapter4.LogAn.Tests\Chapter4.LogAn.Tests.csproj", "{CF121BA4-ACB3-4D25-ACEC-1EF8683C0773}"
EndProject
Project("{9A19103F-16F7-4668-BE54-9A1E7A4F7556}") = "Chapter5.LogAn.Tests", "Chapter5.LogAn.Tests\Chapter5.LogAn.Tests.csproj", "{725DF372-D524-4BFC-B6DA-AB293C25E7E6}"
EndProject
Project("{FAE04EC0-301F-11D3-BF4B-00C04F79EFBC}") = "Chapter2.LogAn", "Chapter2.LogAn\Chapter2.LogAn.csproj", "{759BC383-1E5D-4F1F-B7E6-E05695371CBA}"
EndProject
Project("{FAE04EC0-301F-11D3-BF4B-00C04F79EFBC}") = "Chapter2.LogAn.Tests", "Chapter2.LogAn.Tests\Chapter2.LogAn.Tests.csproj", "{9EA3A2BD-786A-4251-A86F-134A5FAD33F5}"
EndProject
Global
	GlobalSection(SolutionConfigurationPlatforms) = preSolution
		Debug|Any CPU = Debug|Any CPU
		Release|Any CPU = Release|Any CPU
	EndGlobalSection
	GlobalSection(ProjectConfigurationPlatforms) = postSolution
		{1220B30A-19A5-4317-A1ED-621D4286CFC3}.Debug|Any CPU.ActiveCfg = Debug|Any CPU
		{1220B30A-19A5-4317-A1ED-621D4286CFC3}.Debug|Any CPU.Build.0 = Debug|Any CPU
		{1220B30A-19A5-4317-A1ED-621D4286CFC3}.Release|Any CPU.ActiveCfg = Release|Any CPU
		{1220B30A-19A5-4317-A1ED-621D4286CFC3}.Release|Any CPU.Build.0 = Release|Any CPU
		{010F7A70-EA91-4F86-A694-1421038AE187}.Debug|Any CPU.ActiveCfg = Debug|Any CPU
		{010F7A70-EA91-4F86-A694-1421038AE187}.Debug|Any CPU.Build.0 = Debug|Any CPU
		{010F7A70-EA91-4F86-A694-1421038AE187}.Release|Any CPU.ActiveCfg = Release|Any CPU
		{010F7A70-EA91-4F86-A694-1421038AE187}.Release|Any CPU.Build.0 = Release|Any CPU
		{64192653-C905-46E9-95CD-895EB2959C6A}.Debug|Any CPU.ActiveCfg = Debug|Any CPU
		{64192653-C905-46E9-95CD-895EB2959C6A}.Debug|Any CPU.Build.0 = Debug|Any CPU
		{64192653-C905-46E9-95CD-895EB2959C6A}.Release|Any CPU.ActiveCfg = Release|Any CPU
		{64192653-C905-46E9-95CD-895EB2959C6A}.Release|Any CPU.Build.0 = Release|Any CPU
		{02087103-7280-417D-B844-59865E1BC7B7}.Debug|Any CPU.ActiveCfg = Debug|Any CPU
		{02087103-7280-417D-B844-59865E1BC7B7}.Debug|Any CPU.Build.0 = Debug|Any CPU
		{02087103-7280-417D-B844-59865E1BC7B7}.Release|Any CPU.ActiveCfg = Release|Any CPU
		{02087103-7280-417D-B844-59865E1BC7B7}.Release|Any CPU.Build.0 = Release|Any CPU
		{C933B9C0-6B97-472E-B15F-480288272646}.Debug|Any CPU.ActiveCfg = Debug|Any CPU
		{C933B9C0-6B97-472E-B15F-480288272646}.Debug|Any CPU.Build.0 = Debug|Any CPU
		{C933B9C0-6B97-472E-B15F-480288272646}.Release|Any CPU.ActiveCfg = Release|Any CPU
		{C933B9C0-6B97-472E-B15F-480288272646}.Release|Any CPU.Build.0 = Release|Any CPU
		{1A3D392F-E4DE-4B1D-BBB5-AE7A09CA1B79}.Debug|Any CPU.ActiveCfg = Debug|Any CPU
		{1A3D392F-E4DE-4B1D-BBB5-AE7A09CA1B79}.Debug|Any CPU.Build.0 = Debug|Any CPU
		{1A3D392F-E4DE-4B1D-BBB5-AE7A09CA1B79}.Release|Any CPU.ActiveCfg = Release|Any CPU
		{1A3D392F-E4DE-4B1D-BBB5-AE7A09CA1B79}.Release|Any CPU.Build.0 = Release|Any CPU
		{AB4810C4-4BC2-4626-8713-8244C0A276B1}.Debug|Any CPU.ActiveCfg = Debug|Any CPU
		{AB4810C4-4BC2-4626-8713-8244C0A276B1}.Debug|Any CPU.Build.0 = Debug|Any CPU
		{AB4810C4-4BC2-4626-8713-8244C0A276B1}.Release|Any CPU.ActiveCfg = Release|Any CPU
		{AB4810C4-4BC2-4626-8713-8244C0A276B1}.Release|Any CPU.Build.0 = Release|Any CPU
		{45A4196F-3179-41C0-AA00-A039C89A17E3}.Debug|Any CPU.ActiveCfg = Debug|Any CPU
		{45A4196F-3179-41C0-AA00-A039C89A17E3}.Debug|Any CPU.Build.0 = Debug|Any CPU
		{45A4196F-3179-41C0-AA00-A039C89A17E3}.Release|Any CPU.ActiveCfg = Release|Any CPU
		{45A4196F-3179-41C0-AA00-A039C89A17E3}.Release|Any CPU.Build.0 = Release|Any CPU
		{CF121BA4-ACB3-4D25-ACEC-1EF8683C0773}.Debug|Any CPU.ActiveCfg = Debug|Any CPU
		{CF121BA4-ACB3-4D25-ACEC-1EF8683C0773}.Debug|Any CPU.Build.0 = Debug|Any CPU
		{CF121BA4-ACB3-4D25-ACEC-1EF8683C0773}.Release|Any CPU.ActiveCfg = Release|Any CPU
		{CF121BA4-ACB3-4D25-ACEC-1EF8683C0773}.Release|Any CPU.Build.0 = Release|Any CPU
		{725DF372-D524-4BFC-B6DA-AB293C25E7E6}.Debug|Any CPU.ActiveCfg = Debug|Any CPU
		{725DF372-D524-4BFC-B6DA-AB293C25E7E6}.Debug|Any CPU.Build.0 = Debug|Any CPU
		{725DF372-D524-4BFC-B6DA-AB293C25E7E6}.Release|Any CPU.ActiveCfg = Release|Any CPU
		{725DF372-D524-4BFC-B6DA-AB293C25E7E6}.Release|Any CPU.Build.0 = Release|Any CPU
		{759BC383-1E5D-4F1F-B7E6-E05695371CBA}.Debug|Any CPU.ActiveCfg = Debug|Any CPU
		{759BC383-1E5D-4F1F-B7E6-E05695371CBA}.Debug|Any CPU.Build.0 = Debug|Any CPU
		{759BC383-1E5D-4F1F-B7E6-E05695371CBA}.Release|Any CPU.ActiveCfg = Release|Any CPU
		{759BC383-1E5D-4F1F-B7E6-E05695371CBA}.Release|Any CPU.Build.0 = Release|Any CPU
		{9EA3A2BD-786A-4251-A86F-134A5FAD33F5}.Debug|Any CPU.ActiveCfg = Debug|Any CPU
		{9EA3A2BD-786A-4251-A86F-134A5FAD33F5}.Debug|Any CPU.Build.0 = Debug|Any CPU
		{9EA3A2BD-786A-4251-A86F-134A5FAD33F5}.Release|Any CPU.ActiveCfg = Release|Any CPU
		{9EA3A2BD-786A-4251-A86F-134A5FAD33F5}.Release|Any CPU.Build.0 = Release|Any CPU
	EndGlobalSection
	GlobalSection(SolutionProperties) = preSolution
		HideSolutionNode = FALSE
	EndGlobalSection
	GlobalSection(NestedProjects) = preSolution
		{1220B30A-19A5-4317-A1ED-621D4286CFC3} = {4F76DF91-5A4C-477A-BC4A-C5B9339AE9BD}
		{010F7A70-EA91-4F86-A694-1421038AE187} = {4F76DF91-5A4C-477A-BC4A-C5B9339AE9BD}
		{64192653-C905-46E9-95CD-895EB2959C6A} = {565A3A84-7A27-4F49-B99B-8DCA1E7ECD39}
		{02087103-7280-417D-B844-59865E1BC7B7} = {CA1EC753-5466-4801-93D3-A2F3664A79AF}
		{C933B9C0-6B97-472E-B15F-480288272646} = {CA1EC753-5466-4801-93D3-A2F3664A79AF}
		{1A3D392F-E4DE-4B1D-BBB5-AE7A09CA1B79} = {EF89C27E-875C-419D-9ABA-71692F7C757A}
		{AB4810C4-4BC2-4626-8713-8244C0A276B1} = {EF89C27E-875C-419D-9ABA-71692F7C757A}
		{45A4196F-3179-41C0-AA00-A039C89A17E3} = {71233C27-8983-4AF7-B6E9-2CA3F209E880}
		{CF121BA4-ACB3-4D25-ACEC-1EF8683C0773} = {71233C27-8983-4AF7-B6E9-2CA3F209E880}
		{725DF372-D524-4BFC-B6DA-AB293C25E7E6} = {565A3A84-7A27-4F49-B99B-8DCA1E7ECD39}
		{759BC383-1E5D-4F1F-B7E6-E05695371CBA} = {F0EE6519-8471-4756-A7AF-221CE9AE6038}
		{9EA3A2BD-786A-4251-A86F-134A5FAD33F5} = {F0EE6519-8471-4756-A7AF-221CE9AE6038}
	EndGlobalSection
	GlobalSection(ExtensibilityGlobals) = postSolution
		SolutionGuid = {8DD0E545-3BDB-483E-9AD6-5CFA9D4008A7}
	EndGlobalSection
EndGlobal
